
Microsoft Visual Studio Solution File, Format Version 12.00
# Visual Studio Version 16
VisualStudioVersion = 16.0.29102.190
MinimumVisualStudioVersion = 10.0.40219.1
Project("{FAE04EC0-301F-11D3-BF4B-00C04F79EFBC}") = "BowlingGameKata", "BowlingGameKata.csproj", "{3538B447-85CC-4CD9-803E-2A1850B1D7EB}"
EndProject
Project("{9A19103F-16F7-4668-BE54-9A1E7A4F7556}") = "BowlingGameKata.Tests", "..\BowlingGameKata.Tests\BowlingGameKata.Tests.csproj", "{AF87E276-C864-4A56-86D1-51CCB049B8B4}"
EndProject
Global
	GlobalSection(SolutionConfigurationPlatforms) = preSolution
		Debug|Any CPU = Debug|Any CPU
		Release|Any CPU = Release|Any CPU
	EndGlobalSection
	GlobalSection(ProjectConfigurationPlatforms) = postSolution
		{3538B447-85CC-4CD9-803E-2A1850B1D7EB}.Debug|Any CPU.ActiveCfg = Debug|Any CPU
		{3538B447-85CC-4CD9-803E-2A1850B1D7EB}.Debug|Any CPU.Build.0 = Debug|Any CPU
		{3538B447-85CC-4CD9-803E-2A1850B1D7EB}.Release|Any CPU.ActiveCfg = Release|Any CPU
		{3538B447-85CC-4CD9-803E-2A1850B1D7EB}.Release|Any CPU.Build.0 = Release|Any CPU
		{AF87E276-C864-4A56-86D1-51CCB049B8B4}.Debug|Any CPU.ActiveCfg = Debug|Any CPU
		{AF87E276-C864-4A56-86D1-51CCB049B8B4}.Debug|Any CPU.Build.0 = Debug|Any CPU
		{AF87E276-C864-4A56-86D1-51CCB049B8B4}.Release|Any CPU.ActiveCfg = Release|Any CPU
		{AF87E276-C864-4A56-86D1-51CCB049B8B4}.Release|Any CPU.Build.0 = Release|Any CPU
	EndGlobalSection
	GlobalSection(SolutionProperties) = preSolution
		HideSolutionNode = FALSE
	EndGlobalSection
	GlobalSection(ExtensibilityGlobals) = postSolution
		SolutionGuid = {C3028E7F-71E4-4212-8C18-80A78DA27291}
	EndGlobalSection
EndGlobal
